// !$*UTF8*$!
{
	archiveVersion = 1;
	classes = {
	};
	objectVersion = 56;
	objects = {

/* Begin PBXBuildFile section */
		5942416429F7855500E329AE /* RoomEsApp.swift in Sources */ = {isa = PBXBuildFile; fileRef = 5942416329F7855500E329AE /* RoomEsApp.swift */; };
		5942416829F7855600E329AE /* Assets.xcassets in Resources */ = {isa = PBXBuildFile; fileRef = 5942416729F7855600E329AE /* Assets.xcassets */; };
		5942416B29F7855600E329AE /* Preview Assets.xcassets in Resources */ = {isa = PBXBuildFile; fileRef = 5942416A29F7855600E329AE /* Preview Assets.xcassets */; };
		5942417229F78BB300E329AE /* GoogleService-Info.plist in Resources */ = {isa = PBXBuildFile; fileRef = 5942417129F78BB300E329AE /* GoogleService-Info.plist */; };
		5942417529F78C3500E329AE /* FirebaseAuth in Frameworks */ = {isa = PBXBuildFile; productRef = 5942417429F78C3500E329AE /* FirebaseAuth */; };
		5942417729F78C3500E329AE /* FirebaseFirestore in Frameworks */ = {isa = PBXBuildFile; productRef = 5942417629F78C3500E329AE /* FirebaseFirestore */; };
		5942417929F78C3500E329AE /* FirebaseFirestoreSwift in Frameworks */ = {isa = PBXBuildFile; productRef = 5942417829F78C3500E329AE /* FirebaseFirestoreSwift */; };
		5942417B29F78C3500E329AE /* FirebaseStorage in Frameworks */ = {isa = PBXBuildFile; productRef = 5942417A29F78C3500E329AE /* FirebaseStorage */; };
		5942417D29F792E600E329AE /* LoginView.swift in Sources */ = {isa = PBXBuildFile; fileRef = 5942417C29F792E600E329AE /* LoginView.swift */; };
		5942417F29F79DE200E329AE /* ItemDetailView.swift in Sources */ = {isa = PBXBuildFile; fileRef = 5942417E29F79DE200E329AE /* ItemDetailView.swift */; };
		595BF5F529F8B110003210BA /* HomeView.swift in Sources */ = {isa = PBXBuildFile; fileRef = 595BF5F429F8B110003210BA /* HomeView.swift */; };
		595BF62B29F9E88A003210BA /* ItemView.swift in Sources */ = {isa = PBXBuildFile; fileRef = 595BF62929F9E88A003210BA /* ItemView.swift */; };
		595BF62F29F9E989003210BA /* Comment.swift in Sources */ = {isa = PBXBuildFile; fileRef = 595BF62E29F9E989003210BA /* Comment.swift */; };
		595BF63129F9EA39003210BA /* CommentViewModel.swift in Sources */ = {isa = PBXBuildFile; fileRef = 595BF63029F9EA39003210BA /* CommentViewModel.swift */; };
		595BF63329F9FB2B003210BA /* CommentView.swift in Sources */ = {isa = PBXBuildFile; fileRef = 595BF63229F9FB2B003210BA /* CommentView.swift */; };
		595BF63529FA0F37003210BA /* InstructionView.swift in Sources */ = {isa = PBXBuildFile; fileRef = 595BF63429FA0F37003210BA /* InstructionView.swift */; };
		595BF63729FA38B0003210BA /* ProfileDetailView.swift in Sources */ = {isa = PBXBuildFile; fileRef = 595BF63629FA38B0003210BA /* ProfileDetailView.swift */; };
		595BF63929FAC321003210BA /* CommentRowView.swift in Sources */ = {isa = PBXBuildFile; fileRef = 595BF63829FAC321003210BA /* CommentRowView.swift */; };
		595BF63F29FB2063003210BA /* ItemRowView.swift in Sources */ = {isa = PBXBuildFile; fileRef = 595BF63E29FB2063003210BA /* ItemRowView.swift */; };
		59A039A229F8384700203693 /* Item.swift in Sources */ = {isa = PBXBuildFile; fileRef = 59A039A129F8384700203693 /* Item.swift */; };
		59A039A429F8385900203693 /* ItemViewModel.swift in Sources */ = {isa = PBXBuildFile; fileRef = 59A039A329F8385900203693 /* ItemViewModel.swift */; };
/* End PBXBuildFile section */

/* Begin PBXFileReference section */
		5911335829FB977200AC74F5 /* Info.plist */ = {isa = PBXFileReference; lastKnownFileType = text.plist; path = Info.plist; sourceTree = "<group>"; };
		5942416029F7855500E329AE /* RoomEs.app */ = {isa = PBXFileReference; explicitFileType = wrapper.application; includeInIndex = 0; path = RoomEs.app; sourceTree = BUILT_PRODUCTS_DIR; };
		5942416329F7855500E329AE /* RoomEsApp.swift */ = {isa = PBXFileReference; lastKnownFileType = sourcecode.swift; path = RoomEsApp.swift; sourceTree = "<group>"; };
		5942416729F7855600E329AE /* Assets.xcassets */ = {isa = PBXFileReference; lastKnownFileType = folder.assetcatalog; path = Assets.xcassets; sourceTree = "<group>"; };
		5942416A29F7855600E329AE /* Preview Assets.xcassets */ = {isa = PBXFileReference; lastKnownFileType = folder.assetcatalog; path = "Preview Assets.xcassets"; sourceTree = "<group>"; };
		5942417129F78BB300E329AE /* GoogleService-Info.plist */ = {isa = PBXFileReference; lastKnownFileType = text.plist; path = "GoogleService-Info.plist"; sourceTree = SOURCE_ROOT; };
		5942417C29F792E600E329AE /* LoginView.swift */ = {isa = PBXFileReference; lastKnownFileType = sourcecode.swift; path = LoginView.swift; sourceTree = "<group>"; };
		5942417E29F79DE200E329AE /* ItemDetailView.swift */ = {isa = PBXFileReference; lastKnownFileType = sourcecode.swift; path = ItemDetailView.swift; sourceTree = "<group>"; };
		595BF5F429F8B110003210BA /* HomeView.swift */ = {isa = PBXFileReference; lastKnownFileType = sourcecode.swift; path = HomeView.swift; sourceTree = "<group>"; };
		595BF62929F9E88A003210BA /* ItemView.swift */ = {isa = PBXFileReference; fileEncoding = 4; lastKnownFileType = sourcecode.swift; path = ItemView.swift; sourceTree = "<group>"; };
		595BF62E29F9E989003210BA /* Comment.swift */ = {isa = PBXFileReference; lastKnownFileType = sourcecode.swift; path = Comment.swift; sourceTree = "<group>"; };
		595BF63029F9EA39003210BA /* CommentViewModel.swift */ = {isa = PBXFileReference; lastKnownFileType = sourcecode.swift; path = CommentViewModel.swift; sourceTree = "<group>"; };
		595BF63229F9FB2B003210BA /* CommentView.swift */ = {isa = PBXFileReference; lastKnownFileType = sourcecode.swift; path = CommentView.swift; sourceTree = "<group>"; };
		595BF63429FA0F37003210BA /* InstructionView.swift */ = {isa = PBXFileReference; lastKnownFileType = sourcecode.swift; path = InstructionView.swift; sourceTree = "<group>"; };
		595BF63629FA38B0003210BA /* ProfileDetailView.swift */ = {isa = PBXFileReference; lastKnownFileType = sourcecode.swift; path = ProfileDetailView.swift; sourceTree = "<group>"; };
		595BF63829FAC321003210BA /* CommentRowView.swift */ = {isa = PBXFileReference; lastKnownFileType = sourcecode.swift; path = CommentRowView.swift; sourceTree = "<group>"; };
		595BF63E29FB2063003210BA /* ItemRowView.swift */ = {isa = PBXFileReference; lastKnownFileType = sourcecode.swift; path = ItemRowView.swift; sourceTree = "<group>"; };
		59A039A129F8384700203693 /* Item.swift */ = {isa = PBXFileReference; lastKnownFileType = sourcecode.swift; path = Item.swift; sourceTree = "<group>"; };
		59A039A329F8385900203693 /* ItemViewModel.swift */ = {isa = PBXFileReference; lastKnownFileType = sourcecode.swift; path = ItemViewModel.swift; sourceTree = "<group>"; };
/* End PBXFileReference section */

/* Begin PBXFrameworksBuildPhase section */
		5942415D29F7855500E329AE /* Frameworks */ = {
			isa = PBXFrameworksBuildPhase;
			buildActionMask = 2147483647;
			files = (
				5942417529F78C3500E329AE /* FirebaseAuth in Frameworks */,
				5942417B29F78C3500E329AE /* FirebaseStorage in Frameworks */,
				5942417729F78C3500E329AE /* FirebaseFirestore in Frameworks */,
				5942417929F78C3500E329AE /* FirebaseFirestoreSwift in Frameworks */,
			);
			runOnlyForDeploymentPostprocessing = 0;
		};
/* End PBXFrameworksBuildPhase section */

/* Begin PBXGroup section */
		5942415729F7855500E329AE = {
			isa = PBXGroup;
			children = (
				5942416229F7855500E329AE /* RoomEs */,
				5942416129F7855500E329AE /* Products */,
			);
			sourceTree = "<group>";
		};
		5942416129F7855500E329AE /* Products */ = {
			isa = PBXGroup;
			children = (
				5942416029F7855500E329AE /* RoomEs.app */,
			);
			name = Products;
			sourceTree = "<group>";
		};
		5942416229F7855500E329AE /* RoomEs */ = {
			isa = PBXGroup;
			children = (
				5911335829FB977200AC74F5 /* Info.plist */,
				5942416329F7855500E329AE /* RoomEsApp.swift */,
				59A039A129F8384700203693 /* Item.swift */,
				595BF62E29F9E989003210BA /* Comment.swift */,
				59A039A329F8385900203693 /* ItemViewModel.swift */,
				595BF63029F9EA39003210BA /* CommentViewModel.swift */,
				595BF62D29F9E962003210BA /* Views */,
				5942416729F7855600E329AE /* Assets.xcassets */,
				5942417129F78BB300E329AE /* GoogleService-Info.plist */,
				5942416929F7855600E329AE /* Preview Content */,
			);
			path = RoomEs;
			sourceTree = "<group>";
		};
		5942416929F7855600E329AE /* Preview Content */ = {
			isa = PBXGroup;
			children = (
				5942416A29F7855600E329AE /* Preview Assets.xcassets */,
			);
			path = "Preview Content";
			sourceTree = "<group>";
		};
		595BF62D29F9E962003210BA /* Views */ = {
			isa = PBXGroup;
			children = (
				5942417C29F792E600E329AE /* LoginView.swift */,
				595BF5F429F8B110003210BA /* HomeView.swift */,
				595BF62929F9E88A003210BA /* ItemView.swift */,
				595BF63429FA0F37003210BA /* InstructionView.swift */,
				595BF63629FA38B0003210BA /* ProfileDetailView.swift */,
				5942417E29F79DE200E329AE /* ItemDetailView.swift */,
				595BF63229F9FB2B003210BA /* CommentView.swift */,
				595BF63829FAC321003210BA /* CommentRowView.swift */,
				595BF63E29FB2063003210BA /* ItemRowView.swift */,
			);
			path = Views;
			sourceTree = "<group>";
		};
/* End PBXGroup section */

/* Begin PBXNativeTarget section */
		5942415F29F7855500E329AE /* RoomEs */ = {
			isa = PBXNativeTarget;
			buildConfigurationList = 5942416E29F7855600E329AE /* Build configuration list for PBXNativeTarget "RoomEs" */;
			buildPhases = (
				5942415C29F7855500E329AE /* Sources */,
				5942415D29F7855500E329AE /* Frameworks */,
				5942415E29F7855500E329AE /* Resources */,
			);
			buildRules = (
			);
			dependencies = (
			);
			name = RoomEs;
			packageProductDependencies = (
				5942417429F78C3500E329AE /* FirebaseAuth */,
				5942417629F78C3500E329AE /* FirebaseFirestore */,
				5942417829F78C3500E329AE /* FirebaseFirestoreSwift */,
				5942417A29F78C3500E329AE /* FirebaseStorage */,
			);
			productName = RoomEs;
			productReference = 5942416029F7855500E329AE /* RoomEs.app */;
			productType = "com.apple.product-type.application";
		};
/* End PBXNativeTarget section */

/* Begin PBXProject section */
		5942415829F7855500E329AE /* Project object */ = {
			isa = PBXProject;
			attributes = {
				BuildIndependentTargetsInParallel = 1;
				LastSwiftUpdateCheck = 1430;
				LastUpgradeCheck = 1430;
				TargetAttributes = {
					5942415F29F7855500E329AE = {
						CreatedOnToolsVersion = 14.3;
					};
				};
			};
			buildConfigurationList = 5942415B29F7855500E329AE /* Build configuration list for PBXProject "RoomEs" */;
			compatibilityVersion = "Xcode 14.0";
			developmentRegion = en;
			hasScannedForEncodings = 0;
			knownRegions = (
				en,
				Base,
			);
			mainGroup = 5942415729F7855500E329AE;
			packageReferences = (
				5942417329F78C3500E329AE /* XCRemoteSwiftPackageReference "firebase-ios-sdk" */,
			);
			productRefGroup = 5942416129F7855500E329AE /* Products */;
			projectDirPath = "";
			projectRoot = "";
			targets = (
				5942415F29F7855500E329AE /* RoomEs */,
			);
		};
/* End PBXProject section */

/* Begin PBXResourcesBuildPhase section */
		5942415E29F7855500E329AE /* Resources */ = {
			isa = PBXResourcesBuildPhase;
			buildActionMask = 2147483647;
			files = (
				5942416B29F7855600E329AE /* Preview Assets.xcassets in Resources */,
				5942416829F7855600E329AE /* Assets.xcassets in Resources */,
				5942417229F78BB300E329AE /* GoogleService-Info.plist in Resources */,
			);
			runOnlyForDeploymentPostprocessing = 0;
		};
/* End PBXResourcesBuildPhase section */

/* Begin PBXSourcesBuildPhase section */
		5942415C29F7855500E329AE /* Sources */ = {
			isa = PBXSourcesBuildPhase;
			buildActionMask = 2147483647;
			files = (
				595BF63F29FB2063003210BA /* ItemRowView.swift in Sources */,
				595BF63929FAC321003210BA /* CommentRowView.swift in Sources */,
				5942417D29F792E600E329AE /* LoginView.swift in Sources */,
				595BF5F529F8B110003210BA /* HomeView.swift in Sources */,
				5942417F29F79DE200E329AE /* ItemDetailView.swift in Sources */,
				59A039A229F8384700203693 /* Item.swift in Sources */,
				595BF63529FA0F37003210BA /* InstructionView.swift in Sources */,
				595BF63729FA38B0003210BA /* ProfileDetailView.swift in Sources */,
				595BF62B29F9E88A003210BA /* ItemView.swift in Sources */,
				5942416429F7855500E329AE /* RoomEsApp.swift in Sources */,
				595BF62F29F9E989003210BA /* Comment.swift in Sources */,
				595BF63129F9EA39003210BA /* CommentViewModel.swift in Sources */,
				595BF63329F9FB2B003210BA /* CommentView.swift in Sources */,
				59A039A429F8385900203693 /* ItemViewModel.swift in Sources */,
			);
			runOnlyForDeploymentPostprocessing = 0;
		};
/* End PBXSourcesBuildPhase section */

/* Begin XCBuildConfiguration section */
		5942416C29F7855600E329AE /* Debug */ = {
			isa = XCBuildConfiguration;
			buildSettings = {
				ALWAYS_SEARCH_USER_PATHS = NO;
				CLANG_ANALYZER_NONNULL = YES;
				CLANG_ANALYZER_NUMBER_OBJECT_CONVERSION = YES_AGGRESSIVE;
				CLANG_CXX_LANGUAGE_STANDARD = "gnu++20";
				CLANG_ENABLE_MODULES = YES;
				CLANG_ENABLE_OBJC_ARC = YES;
				CLANG_ENABLE_OBJC_WEAK = YES;
				CLANG_WARN_BLOCK_CAPTURE_AUTORELEASING = YES;
				CLANG_WARN_BOOL_CONVERSION = YES;
				CLANG_WARN_COMMA = YES;
				CLANG_WARN_CONSTANT_CONVERSION = YES;
				CLANG_WARN_DEPRECATED_OBJC_IMPLEMENTATIONS = YES;
				CLANG_WARN_DIRECT_OBJC_ISA_USAGE = YES_ERROR;
				CLANG_WARN_DOCUMENTATION_COMMENTS = YES;
				CLANG_WARN_EMPTY_BODY = YES;
				CLANG_WARN_ENUM_CONVERSION = YES;
				CLANG_WARN_INFINITE_RECURSION = YES;
				CLANG_WARN_INT_CONVERSION = YES;
				CLANG_WARN_NON_LITERAL_NULL_CONVERSION = YES;
				CLANG_WARN_OBJC_IMPLICIT_RETAIN_SELF = YES;
				CLANG_WARN_OBJC_LITERAL_CONVERSION = YES;
				CLANG_WARN_OBJC_ROOT_CLASS = YES_ERROR;
				CLANG_WARN_QUOTED_INCLUDE_IN_FRAMEWORK_HEADER = YES;
				CLANG_WARN_RANGE_LOOP_ANALYSIS = YES;
				CLANG_WARN_STRICT_PROTOTYPES = YES;
				CLANG_WARN_SUSPICIOUS_MOVE = YES;
				CLANG_WARN_UNGUARDED_AVAILABILITY = YES_AGGRESSIVE;
				CLANG_WARN_UNREACHABLE_CODE = YES;
				CLANG_WARN__DUPLICATE_METHOD_MATCH = YES;
				COPY_PHASE_STRIP = NO;
				DEBUG_INFORMATION_FORMAT = dwarf;
				ENABLE_STRICT_OBJC_MSGSEND = YES;
				ENABLE_TESTABILITY = YES;
				GCC_C_LANGUAGE_STANDARD = gnu11;
				GCC_DYNAMIC_NO_PIC = NO;
				GCC_NO_COMMON_BLOCKS = YES;
				GCC_OPTIMIZATION_LEVEL = 0;
				GCC_PREPROCESSOR_DEFINITIONS = (
					"DEBUG=1",
					"$(inherited)",
				);
				GCC_WARN_64_TO_32_BIT_CONVERSION = YES;
				GCC_WARN_ABOUT_RETURN_TYPE = YES_ERROR;
				GCC_WARN_UNDECLARED_SELECTOR = YES;
				GCC_WARN_UNINITIALIZED_AUTOS = YES_AGGRESSIVE;
				GCC_WARN_UNUSED_FUNCTION = YES;
				GCC_WARN_UNUSED_VARIABLE = YES;
				IPHONEOS_DEPLOYMENT_TARGET = 16.4;
				MTL_ENABLE_DEBUG_INFO = INCLUDE_SOURCE;
				MTL_FAST_MATH = YES;
				ONLY_ACTIVE_ARCH = YES;
				SDKROOT = iphoneos;
				SWIFT_ACTIVE_COMPILATION_CONDITIONS = DEBUG;
				SWIFT_OPTIMIZATION_LEVEL = "-Onone";
			};
			name = Debug;
		};
		5942416D29F7855600E329AE /* Release */ = {
			isa = XCBuildConfiguration;
			buildSettings = {
				ALWAYS_SEARCH_USER_PATHS = NO;
				CLANG_ANALYZER_NONNULL = YES;
				CLANG_ANALYZER_NUMBER_OBJECT_CONVERSION = YES_AGGRESSIVE;
				CLANG_CXX_LANGUAGE_STANDARD = "gnu++20";
				CLANG_ENABLE_MODULES = YES;
				CLANG_ENABLE_OBJC_ARC = YES;
				CLANG_ENABLE_OBJC_WEAK = YES;
				CLANG_WARN_BLOCK_CAPTURE_AUTORELEASING = YES;
				CLANG_WARN_BOOL_CONVERSION = YES;
				CLANG_WARN_COMMA = YES;
				CLANG_WARN_CONSTANT_CONVERSION = YES;
				CLANG_WARN_DEPRECATED_OBJC_IMPLEMENTATIONS = YES;
				CLANG_WARN_DIRECT_OBJC_ISA_USAGE = YES_ERROR;
				CLANG_WARN_DOCUMENTATION_COMMENTS = YES;
				CLANG_WARN_EMPTY_BODY = YES;
				CLANG_WARN_ENUM_CONVERSION = YES;
				CLANG_WARN_INFINITE_RECURSION = YES;
				CLANG_WARN_INT_CONVERSION = YES;
				CLANG_WARN_NON_LITERAL_NULL_CONVERSION = YES;
				CLANG_WARN_OBJC_IMPLICIT_RETAIN_SELF = YES;
				CLANG_WARN_OBJC_LITERAL_CONVERSION = YES;
				CLANG_WARN_OBJC_ROOT_CLASS = YES_ERROR;
				CLANG_WARN_QUOTED_INCLUDE_IN_FRAMEWORK_HEADER = YES;
				CLANG_WARN_RANGE_LOOP_ANALYSIS = YES;
				CLANG_WARN_STRICT_PROTOTYPES = YES;
				CLANG_WARN_SUSPICIOUS_MOVE = YES;
				CLANG_WARN_UNGUARDED_AVAILABILITY = YES_AGGRESSIVE;
				CLANG_WARN_UNREACHABLE_CODE = YES;
				CLANG_WARN__DUPLICATE_METHOD_MATCH = YES;
				COPY_PHASE_STRIP = NO;
				DEBUG_INFORMATION_FORMAT = "dwarf-with-dsym";
				ENABLE_NS_ASSERTIONS = NO;
				ENABLE_STRICT_OBJC_MSGSEND = YES;
				GCC_C_LANGUAGE_STANDARD = gnu11;
				GCC_NO_COMMON_BLOCKS = YES;
				GCC_WARN_64_TO_32_BIT_CONVERSION = YES;
				GCC_WARN_ABOUT_RETURN_TYPE = YES_ERROR;
				GCC_WARN_UNDECLARED_SELECTOR = YES;
				GCC_WARN_UNINITIALIZED_AUTOS = YES_AGGRESSIVE;
				GCC_WARN_UNUSED_FUNCTION = YES;
				GCC_WARN_UNUSED_VARIABLE = YES;
				IPHONEOS_DEPLOYMENT_TARGET = 16.4;
				MTL_ENABLE_DEBUG_INFO = NO;
				MTL_FAST_MATH = YES;
				SDKROOT = iphoneos;
				SWIFT_COMPILATION_MODE = wholemodule;
				SWIFT_OPTIMIZATION_LEVEL = "-O";
				VALIDATE_PRODUCT = YES;
			};
			name = Release;
		};
		5942416F29F7855600E329AE /* Debug */ = {
			isa = XCBuildConfiguration;
			buildSettings = {
				ASSETCATALOG_COMPILER_APPICON_NAME = AppIcon;
				ASSETCATALOG_COMPILER_GLOBAL_ACCENT_COLOR_NAME = AccentColor;
				CODE_SIGN_STYLE = Automatic;
				CURRENT_PROJECT_VERSION = 1;
				DEVELOPMENT_ASSET_PATHS = "\"RoomEs/Preview Content\"";
				DEVELOPMENT_TEAM = 97B92788YZ;
				ENABLE_PREVIEWS = YES;
				GENERATE_INFOPLIST_FILE = YES;
				INFOPLIST_FILE = RoomEs/Info.plist;
				INFOPLIST_KEY_UIApplicationSceneManifest_Generation = YES;
				INFOPLIST_KEY_UIApplicationSupportsIndirectInputEvents = YES;
				INFOPLIST_KEY_UISupportedInterfaceOrientations_iPad = "UIInterfaceOrientationPortrait UIInterfaceOrientationPortraitUpsideDown UIInterfaceOrientationLandscapeLeft UIInterfaceOrientationLandscapeRight";
				INFOPLIST_KEY_UISupportedInterfaceOrientations_iPhone = "UIInterfaceOrientationPortrait UIInterfaceOrientationLandscapeLeft UIInterfaceOrientationLandscapeRight";
				LD_RUNPATH_SEARCH_PATHS = (
					"$(inherited)",
					"@executable_path/Frameworks",
				);
				MARKETING_VERSION = 1.0;
				PRODUCT_BUNDLE_IDENTIFIER = com.yang.RoomEs;
				PRODUCT_NAME = "$(TARGET_NAME)";
				SWIFT_EMIT_LOC_STRINGS = YES;
				SWIFT_VERSION = 5.0;
				TARGETED_DEVICE_FAMILY = "1,2";
			};
			name = Debug;
		};
		5942417029F7855600E329AE /* Release */ = {
			isa = XCBuildConfiguration;
			buildSettings = {
				ASSETCATALOG_COMPILER_APPICON_NAME = AppIcon;
				ASSETCATALOG_COMPILER_GLOBAL_ACCENT_COLOR_NAME = AccentColor;
				CODE_SIGN_STYLE = Automatic;
				CURRENT_PROJECT_VERSION = 1;
				DEVELOPMENT_ASSET_PATHS = "\"RoomEs/Preview Content\"";
				DEVELOPMENT_TEAM = 97B92788YZ;
				ENABLE_PREVIEWS = YES;
				GENERATE_INFOPLIST_FILE = YES;
				INFOPLIST_FILE = RoomEs/Info.plist;
				INFOPLIST_KEY_UIApplicationSceneManifest_Generation = YES;
				INFOPLIST_KEY_UIApplicationSupportsIndirectInputEvents = YES;
				INFOPLIST_KEY_UISupportedInterfaceOrientations_iPad = "UIInterfaceOrientationPortrait UIInterfaceOrientationPortraitUpsideDown UIInterfaceOrientationLandscapeLeft UIInterfaceOrientationLandscapeRight";
				INFOPLIST_KEY_UISupportedInterfaceOrientations_iPhone = "UIInterfaceOrientationPortrait UIInterfaceOrientationLandscapeLeft UIInterfaceOrientationLandscapeRight";
				LD_RUNPATH_SEARCH_PATHS = (
					"$(inherited)",
					"@executable_path/Frameworks",
				);
				MARKETING_VERSION = 1.0;
				PRODUCT_BUNDLE_IDENTIFIER = com.yang.RoomEs;
				PRODUCT_NAME = "$(TARGET_NAME)";
				SWIFT_EMIT_LOC_STRINGS = YES;
				SWIFT_VERSION = 5.0;
				TARGETED_DEVICE_FAMILY = "1,2";
			};
			name = Release;
		};
/* End XCBuildConfiguration section */

/* Begin XCConfigurationList section */
		5942415B29F7855500E329AE /* Build configuration list for PBXProject "RoomEs" */ = {
			isa = XCConfigurationList;
			buildConfigurations = (
				5942416C29F7855600E329AE /* Debug */,
				5942416D29F7855600E329AE /* Release */,
			);
			defaultConfigurationIsVisible = 0;
			defaultConfigurationName = Release;
		};
		5942416E29F7855600E329AE /* Build configuration list for PBXNativeTarget "RoomEs" */ = {
			isa = XCConfigurationList;
			buildConfigurations = (
				5942416F29F7855600E329AE /* Debug */,
				5942417029F7855600E329AE /* Release */,
			);
			defaultConfigurationIsVisible = 0;
			defaultConfigurationName = Release;
		};
/* End XCConfigurationList section */

/* Begin XCRemoteSwiftPackageReference section */
		5942417329F78C3500E329AE /* XCRemoteSwiftPackageReference "firebase-ios-sdk" */ = {
			isa = XCRemoteSwiftPackageReference;
			repositoryURL = "https://github.com/firebase/firebase-ios-sdk.git";
			requirement = {
				kind = upToNextMajorVersion;
				minimumVersion = 10.0.0;
			};
		};
/* End XCRemoteSwiftPackageReference section */

/* Begin XCSwiftPackageProductDependency section */
		5942417429F78C3500E329AE /* FirebaseAuth */ = {
			isa = XCSwiftPackageProductDependency;
			package = 5942417329F78C3500E329AE /* XCRemoteSwiftPackageReference "firebase-ios-sdk" */;
			productName = FirebaseAuth;
		};
		5942417629F78C3500E329AE /* FirebaseFirestore */ = {
			isa = XCSwiftPackageProductDependency;
			package = 5942417329F78C3500E329AE /* XCRemoteSwiftPackageReference "firebase-ios-sdk" */;
			productName = FirebaseFirestore;
		};
		5942417829F78C3500E329AE /* FirebaseFirestoreSwift */ = {
			isa = XCSwiftPackageProductDependency;
			package = 5942417329F78C3500E329AE /* XCRemoteSwiftPackageReference "firebase-ios-sdk" */;
			productName = FirebaseFirestoreSwift;
		};
		5942417A29F78C3500E329AE /* FirebaseStorage */ = {
			isa = XCSwiftPackageProductDependency;
			package = 5942417329F78C3500E329AE /* XCRemoteSwiftPackageReference "firebase-ios-sdk" */;
			productName = FirebaseStorage;
		};
/* End XCSwiftPackageProductDependency section */
	};
	rootObject = 5942415829F7855500E329AE /* Project object */;
}
